<?xml version="1.0" encoding="utf-8"?>
<Project ToolsVersion="4.0" xmlns="http://schemas.microsoft.com/developer/msbuild/2003">
  <ItemGroup>
    <Filter Include="src">
      <UniqueIdentifier>{e9707050-b9ac-4ecf-8f88-f8c5ce8aa669}</UniqueIdentifier>
    </Filter>
    <Filter Include="include">
      <UniqueIdentifier>{c88f3dc1-aa2d-4af6-aaea-34d4dba4356e}</UniqueIdentifier>
    </Filter>
    <Filter Include="thirdparty">
      <UniqueIdentifier>{953a8390-a595-44d1-a5c1-71a51ced5d3a}</UniqueIdentifier>
    </Filter>
  </ItemGroup>
  <ItemGroup>
    <ClCompile Include="..\..\src\core\AlloyAnimator.cpp">
      <Filter>src</Filter>
    </ClCompile>
    <ClCompile Include="..\..\src\core\AlloyApplication.cpp">
      <Filter>src</Filter>
    </ClCompile>
    <ClCompile Include="..\..\src\core\AlloyContext.cpp">
      <Filter>src</Filter>
    </ClCompile>
    <ClCompile Include="..\..\src\core\AlloyCursorLocator.cpp">
      <Filter>src</Filter>
    </ClCompile>
    <ClCompile Include="..\..\src\core\AlloyFileUtil.cpp">
      <Filter>src</Filter>
    </ClCompile>
    <ClCompile Include="..\..\src\core\AlloySimulation.cpp">
      <Filter>src</Filter>
    </ClCompile>
    <ClCompile Include="..\..\src\core\AlloyUI.cpp">
      <Filter>src</Filter>
    </ClCompile>
    <ClCompile Include="..\..\src\core\GLComponent.cpp">
      <Filter>src</Filter>
    </ClCompile>
    <ClCompile Include="..\..\src\core\GLFrameBuffer.cpp">
      <Filter>src</Filter>
    </ClCompile>
    <ClCompile Include="..\..\src\core\GLShader.cpp">
      <Filter>src</Filter>
    </ClCompile>
    <ClCompile Include="..\..\src\core\GLTexture.cpp">
      <Filter>src</Filter>
    </ClCompile>
    <ClCompile Include="..\..\src\core\SanityChecks.cpp">
      <Filter>src</Filter>
    </ClCompile>
    <ClCompile Include="..\..\src\core\nanovg.cpp">
      <Filter>thirdparty</Filter>
    </ClCompile>
    <ClCompile Include="..\..\src\core\AlloyDrawUtil.cpp">
      <Filter>src</Filter>
    </ClCompile>
    <ClCompile Include="..\..\src\core\AlloyUnits.cpp">
      <Filter>src</Filter>
    </ClCompile>
    <ClCompile Include="..\..\src\core\AlloyWidget.cpp">
      <Filter>src</Filter>
    </ClCompile>
    <ClCompile Include="..\..\src\core\AlloyWorker.cpp">
      <Filter>src</Filter>
    </ClCompile>
    <ClCompile Include="..\..\src\example\main.cpp">
      <Filter>src</Filter>
    </ClCompile>
    <ClCompile Include="..\..\src\core\AlloyImage.cpp">
      <Filter>src</Filter>
    </ClCompile>
    <ClCompile Include="..\..\src\core\AlloyMesh.cpp">
      <Filter>src</Filter>
    </ClCompile>
    <ClCompile Include="..\..\src\core\AlloyVirtualCamera.cpp">
      <Filter>src</Filter>
    </ClCompile>
    <ClCompile Include="..\..\src\core\CommonShaders.cpp">
      <Filter>src</Filter>
    </ClCompile>
    <ClCompile Include="..\..\src\core\sha2.cpp">
      <Filter>src</Filter>
    </ClCompile>
    <ClCompile Include="..\..\src\core\sha1.cpp">
      <Filter>src</Filter>
    </ClCompile>
    <ClCompile Include="..\..\src\core\AlloyAlgorithm.cpp">
      <Filter>src</Filter>
    </ClCompile>
    <ClCompile Include="..\..\src\core\AlloySparseMatrix.cpp">
      <Filter>src</Filter>
    </ClCompile>
    <ClCompile Include="..\..\src\core\AlloyVolume.cpp">
      <Filter>src</Filter>
    </ClCompile>
    <ClCompile Include="..\..\src\example\MeshViewer.cpp">
      <Filter>src</Filter>
    </ClCompile>
    <ClCompile Include="..\..\src\core\AlloyNumber.cpp">
      <Filter>src</Filter>
    </ClCompile>
    <ClCompile Include="..\..\src\core\AlloyAny.cpp">
      <Filter>src</Filter>
    </ClCompile>
    <ClCompile Include="..\..\src\core\AlloyPLY.cpp">
      <Filter>src</Filter>
    </ClCompile>
    <ClCompile Include="..\..\src\core\AlloyMath.cpp">
      <Filter>src</Filter>
    </ClCompile>
    <ClCompile Include="..\..\src\core\AlloyMeshIntersector.cpp">
      <Filter>src</Filter>
    </ClCompile>
  </ItemGroup>
  <ItemGroup>
    <ClInclude Include="..\..\include\core\Alloy.h">
      <Filter>include</Filter>
    </ClInclude>
    <ClInclude Include="..\..\include\core\AlloyAnimator.h">
      <Filter>include</Filter>
    </ClInclude>
    <ClInclude Include="..\..\include\core\AlloyApplication.h">
      <Filter>include</Filter>
    </ClInclude>
    <ClInclude Include="..\..\include\core\AlloyCommon.h">
      <Filter>include</Filter>
    </ClInclude>
    <ClInclude Include="..\..\include\core\AlloyContext.h">
      <Filter>include</Filter>
    </ClInclude>
    <ClInclude Include="..\..\include\core\AlloyCursorLocator.h">
      <Filter>include</Filter>
    </ClInclude>
    <ClInclude Include="..\..\include\core\AlloyEnum.h">
      <Filter>include</Filter>
    </ClInclude>
    <ClInclude Include="..\..\include\core\AlloyFileUtil.h">
      <Filter>include</Filter>
    </ClInclude>
    <ClInclude Include="..\..\include\core\AlloyImage.h">
      <Filter>include</Filter>
    </ClInclude>
    <ClInclude Include="..\..\include\core\AlloyMath.h">
      <Filter>include</Filter>
    </ClInclude>
    <ClInclude Include="..\..\include\core\AlloySimulation.h">
      <Filter>include</Filter>
    </ClInclude>
    <ClInclude Include="..\..\include\core\AlloyUI.h">
      <Filter>include</Filter>
    </ClInclude>
    <ClInclude Include="..\..\include\core\AlloyUnits.h">
      <Filter>include</Filter>
    </ClInclude>
    <ClInclude Include="..\..\include\core\AlloyVector.h">
      <Filter>include</Filter>
    </ClInclude>
    <ClInclude Include="..\..\include\core\fontstash.h">
      <Filter>include</Filter>
    </ClInclude>
    <ClInclude Include="..\..\include\core\GLComponent.h">
      <Filter>include</Filter>
    </ClInclude>
    <ClInclude Include="..\..\include\core\GLFrameBuffer.h">
      <Filter>include</Filter>
    </ClInclude>
    <ClInclude Include="..\..\include\core\GLShader.h">
      <Filter>include</Filter>
    </ClInclude>
    <ClInclude Include="..\..\include\core\GLTexture.h">
      <Filter>include</Filter>
    </ClInclude>
    <ClInclude Include="..\..\include\core\nanovg.h">
      <Filter>thirdparty</Filter>
    </ClInclude>
    <ClInclude Include="..\..\include\core\nanovg_gl.h">
      <Filter>thirdparty</Filter>
    </ClInclude>
    <ClInclude Include="..\..\include\core\nanovg_gl_utils.h">
      <Filter>thirdparty</Filter>
    </ClInclude>
    <ClInclude Include="..\..\include\core\stb_image.h">
      <Filter>thirdparty</Filter>
    </ClInclude>
    <ClInclude Include="..\..\include\core\stb_truetype.h">
      <Filter>thirdparty</Filter>
    </ClInclude>
    <ClInclude Include="..\..\include\core\AlloyDrawUtil.h">
      <Filter>include</Filter>
    </ClInclude>
    <ClInclude Include="..\..\include\core\AlloyWidget.h">
      <Filter>include</Filter>
    </ClInclude>
    <ClInclude Include="..\..\include\core\AlloyWorker.h">
      <Filter>include</Filter>
    </ClInclude>
    <ClInclude Include="..\..\include\core\AlloyMesh.h">
      <Filter>include</Filter>
    </ClInclude>
    <ClInclude Include="..\..\include\core\AlloyVirtualCamera.h">
      <Filter>include</Filter>
    </ClInclude>
    <ClInclude Include="..\..\include\core\CommonShaders.h">
      <Filter>include</Filter>
    </ClInclude>
    <ClInclude Include="..\..\include\core\AlloyFilesystem.h">
      <Filter>include</Filter>
    </ClInclude>
    <ClInclude Include="..\..\include\core\sha2.h">
      <Filter>include</Filter>
    </ClInclude>
    <ClInclude Include="..\..\include\core\sha1.h">
      <Filter>include</Filter>
    </ClInclude>
    <ClInclude Include="..\..\include\core\AlloyAlgorithm.h">
      <Filter>include</Filter>
    </ClInclude>
    <ClInclude Include="..\..\include\core\AlloySparseMatrix.h">
      <Filter>include</Filter>
    </ClInclude>
    <ClInclude Include="..\..\include\core\AlloyVolume.h">
      <Filter>include</Filter>
    </ClInclude>
    <ClInclude Include="..\..\include\core\AlloyNumber.h">
      <Filter>include</Filter>
    </ClInclude>
    <ClInclude Include="..\..\include\core\AlloyAny.h">
      <Filter>include</Filter>
    </ClInclude>
    <ClInclude Include="..\..\include\core\AlloyPLY.h">
      <Filter>include</Filter>
    </ClInclude>
    <ClInclude Include="..\..\include\core\AlloyMeshIntersector.h">
      <Filter>include</Filter>
    </ClInclude>
  </ItemGroup>
</Project>