<?xml version="1.0" encoding="utf-8"?>
<Project ToolsVersion="4.0" xmlns="http://schemas.microsoft.com/developer/msbuild/2003">
  <ItemGroup>
    <ClCompile Include="..\..\src\example\UnitsEx.cpp">
      <Filter>src</Filter>
    </ClCompile>
    <ClCompile Include="..\..\src\example\main.cpp">
      <Filter>src</Filter>
    </ClCompile>
    <ClCompile Include="..\..\src\example\CompositeEx.cpp">
      <Filter>src</Filter>
    </ClCompile>
    <ClCompile Include="..\..\src\example\EventsEx.cpp">
      <Filter>src</Filter>
    </ClCompile>
    <ClCompile Include="..\..\src\example\DragEx.cpp">
      <Filter>src</Filter>
    </ClCompile>
    <ClCompile Include="..\..\src\example\TweenEx.cpp">
      <Filter>src</Filter>
    </ClCompile>
    <ClCompile Include="..\..\src\example\ImageEx.cpp">
      <Filter>src</Filter>
    </ClCompile>
    <ClCompile Include="..\..\src\example\ControlsEx.cpp">
      <Filter>src</Filter>
    </ClCompile>
    <ClCompile Include="..\..\src\example\DialogsEx.cpp">
      <Filter>src</Filter>
    </ClCompile>
    <ClCompile Include="..\..\src\example\ExpandEx.cpp">
      <Filter>src</Filter>
    </ClCompile>
    <ClCompile Include="..\..\src\example\MeshMatcapEx.cpp">
      <Filter>src</Filter>
    </ClCompile>
    <ClCompile Include="..\..\src\example\MeshWireframeEx.cpp">
      <Filter>src</Filter>
    </ClCompile>
    <ClCompile Include="..\..\src\example\MeshTextureEx.cpp">
      <Filter>src</Filter>
    </ClCompile>
    <ClCompile Include="..\..\src\example\MeshVertexColorEx.cpp">
      <Filter>src</Filter>
    </ClCompile>
    <ClCompile Include="..\..\src\example\MeshParticleEx.cpp">
      <Filter>src</Filter>
    </ClCompile>
    <ClCompile Include="..\..\src\example\MeshDepthEx.cpp">
      <Filter>src</Filter>
    </ClCompile>
    <ClCompile Include="..\..\src\example\MeshPhongEx.cpp">
      <Filter>src</Filter>
    </ClCompile>
    <ClCompile Include="..\..\src\example\LaplaceFillEx.cpp">
      <Filter>src</Filter>
    </ClCompile>
    <ClCompile Include="..\..\src\example\MeshSubdivideEx.cpp">
      <Filter>src</Filter>
    </ClCompile>
    <ClCompile Include="..\..\src\example\PoissonBlendEx.cpp">
      <Filter>src</Filter>
    </ClCompile>
    <ClCompile Include="..\..\src\example\PoissonInpaintEx.cpp">
      <Filter>src</Filter>
    </ClCompile>
    <ClCompile Include="..\..\src\example\ImageProcessingEx.cpp">
      <Filter>src</Filter>
    </ClCompile>
    <ClCompile Include="..\..\src\example\MeshPickerEx.cpp">
      <Filter>src</Filter>
    </ClCompile>
    <ClCompile Include="..\..\src\example\KdTreeEx.cpp">
      <Filter>src</Filter>
    </ClCompile>
    <ClCompile Include="..\..\src\example\MeshSmoothEx.cpp">
      <Filter>src</Filter>
    </ClCompile>
    <ClCompile Include="..\..\src\example\ColorSpaceEx.cpp">
      <Filter>src</Filter>
    </ClCompile>
    <ClCompile Include="..\..\src\example\MeshPrimitivesEx.cpp">
      <Filter>src</Filter>
    </ClCompile>
    <ClCompile Include="..\..\src\example\MenuEx.cpp">
      <Filter>src</Filter>
    </ClCompile>
    <ClCompile Include="..\..\src\example\LocatorEx.cpp">
      <Filter>src</Filter>
    </ClCompile>
  </ItemGroup>
  <ItemGroup>
    <ClInclude Include="..\..\include\example\UnitsEx.h">
      <Filter>include</Filter>
    </ClInclude>
    <ClInclude Include="..\..\include\example\CompositeEx.h">
      <Filter>include</Filter>
    </ClInclude>
    <ClInclude Include="..\..\include\example\EventsEx.h">
      <Filter>include</Filter>
    </ClInclude>
    <ClInclude Include="..\..\include\example\DragEx.h">
      <Filter>include</Filter>
    </ClInclude>
    <ClInclude Include="..\..\include\example\TweenEx.h">
      <Filter>include</Filter>
    </ClInclude>
    <ClInclude Include="..\..\include\example\ImageEx.h">
      <Filter>include</Filter>
    </ClInclude>
    <ClInclude Include="..\..\include\example\ControlsEx.h">
      <Filter>include</Filter>
    </ClInclude>
    <ClInclude Include="..\..\include\example\DialogsEx.h">
      <Filter>include</Filter>
    </ClInclude>
    <ClInclude Include="..\..\include\example\ExpandEx.h">
      <Filter>include</Filter>
    </ClInclude>
    <ClInclude Include="..\..\include\example\MeshMatcapEx.h">
      <Filter>include</Filter>
    </ClInclude>
    <ClInclude Include="..\..\include\example\MeshWireframeEx.h">
      <Filter>include</Filter>
    </ClInclude>
    <ClInclude Include="..\..\include\example\MeshTextureEx.h">
      <Filter>include</Filter>
    </ClInclude>
    <ClInclude Include="..\..\include\example\MeshVertexColorEx.h">
      <Filter>include</Filter>
    </ClInclude>
    <ClInclude Include="..\..\include\example\MeshParticleEx.h">
      <Filter>include</Filter>
    </ClInclude>
    <ClInclude Include="..\..\include\example\MeshDepthEx.h">
      <Filter>include</Filter>
    </ClInclude>
    <ClInclude Include="..\..\include\example\MeshPhongEx.h">
      <Filter>include</Filter>
    </ClInclude>
    <ClInclude Include="..\..\include\example\LaplaceFillEx.h">
      <Filter>include</Filter>
    </ClInclude>
    <ClInclude Include="..\..\include\example\MeshSubdivideEx.h">
      <Filter>include</Filter>
    </ClInclude>
    <ClInclude Include="..\..\include\example\PoissonBlendEx.h">
      <Filter>include</Filter>
    </ClInclude>
    <ClInclude Include="..\..\include\example\PoissonInpaintEx.h">
      <Filter>include</Filter>
    </ClInclude>
    <ClInclude Include="..\..\include\example\stb_image_write.h">
      <Filter>include</Filter>
    </ClInclude>
    <ClInclude Include="..\..\include\example\ImageProcessingEx.h">
      <Filter>include</Filter>
    </ClInclude>
    <ClInclude Include="..\..\include\example\MeshPickerEx.h">
      <Filter>include</Filter>
    </ClInclude>
    <ClInclude Include="..\..\include\example\KdTreeEx.h">
      <Filter>include</Filter>
    </ClInclude>
    <ClInclude Include="..\..\include\example\MeshSmoothEx.h">
      <Filter>include</Filter>
    </ClInclude>
    <ClInclude Include="..\..\include\example\ColorSpaceEx.h">
      <Filter>include</Filter>
    </ClInclude>
    <ClInclude Include="..\..\include\example\MeshPrimitivesEx.h">
      <Filter>include</Filter>
    </ClInclude>
    <ClInclude Include="..\..\include\example\MenuEx.h">
      <Filter>include</Filter>
    </ClInclude>
    <ClInclude Include="..\..\include\example\LocatorEx.h">
      <Filter>include</Filter>
    </ClInclude>
  </ItemGroup>
  <ItemGroup>
    <Filter Include="include">
      <UniqueIdentifier>{3ca71dd6-0d12-45f7-bfc0-3db31deae343}</UniqueIdentifier>
    </Filter>
    <Filter Include="src">
      <UniqueIdentifier>{73dd09be-2785-4fdf-8f1e-c221975d890e}</UniqueIdentifier>
    </Filter>
  </ItemGroup>
</Project>